
Microsoft Visual Studio Solution File, Format Version 12.00
# Visual Studio Version 17
VisualStudioVersion = 17.13.35919.96 d17.13
MinimumVisualStudioVersion = 10.0.40219.1
Project("{2150E333-8FDC-42A3-9474-1A3956D46DE8}") = "building block", "building block", "{02EA681E-C7D8-13C7-8484-4AC65E1B71E8}"
EndProject
Project("{2150E333-8FDC-42A3-9474-1A3956D46DE8}") = "web", "web", "{E9798432-DCD9-4CE6-A7C4-C43D6E68C1E1}"
EndProject
Project("{2150E333-8FDC-42A3-9474-1A3956D46DE8}") = "services", "services", "{2EC862B2-06A9-4787-AE25-4BCD5CCADD6D}"
EndProject
Project("{2150E333-8FDC-42A3-9474-1A3956D46DE8}") = "Identity", "Identity", "{C7A926AB-7AD2-4A9A-B7B0-810C6CCFDF55}"
EndProject
Project("{2150E333-8FDC-42A3-9474-1A3956D46DE8}") = "MVC", "MVC", "{92DC22BF-3361-4526-B02C-C8316006F6BF}"
EndProject
Project("{FAE04EC0-301F-11D3-BF4B-00C04F79EFBC}") = "MS.Identity.API", "src\MS.Identity.API\MS.Identity.API.csproj", "{682883DD-E9DB-4B53-885E-8CEAB34CD205}"
EndProject
Project("{FAE04EC0-301F-11D3-BF4B-00C04F79EFBC}") = "MS.WebApp.MVC", "src\web\MS.WebApp.MVC\MS.WebApp.MVC.csproj", "{8DDB8607-233C-4AA1-8706-0DF8BC191D78}"
EndProject
Project("{2150E333-8FDC-42A3-9474-1A3956D46DE8}") = "Core", "Core", "{A7436FE9-67CF-4B90-83F8-4018062E9728}"
EndProject
Project("{FAE04EC0-301F-11D3-BF4B-00C04F79EFBC}") = "MS.Core", "src\buinding block\MS.Core\MS.Core.csproj", "{79179597-3738-4ED5-907E-10DC41AF073C}"
EndProject
Project("{2150E333-8FDC-42A3-9474-1A3956D46DE8}") = "Catalog", "Catalog", "{B4D11101-F30C-4E97-A11B-D7302DFFBF0C}"
EndProject
Project("{2150E333-8FDC-42A3-9474-1A3956D46DE8}") = "Order", "Order", "{E3B79E57-2D31-4774-BA03-E8EB7FF0ABD7}"
EndProject
Project("{2150E333-8FDC-42A3-9474-1A3956D46DE8}") = "Cart", "Cart", "{2DBA31B1-A03A-4E9A-AF53-3876A1045CFC}"
EndProject
Project("{2150E333-8FDC-42A3-9474-1A3956D46DE8}") = "Customer", "Customer", "{CCDC5B6A-662A-4963-98EE-576236C4389E}"
EndProject
Project("{2150E333-8FDC-42A3-9474-1A3956D46DE8}") = "Payment", "Payment", "{5CF9B0F6-563F-40D8-8750-683766FEB0EA}"
EndProject
Project("{FAE04EC0-301F-11D3-BF4B-00C04F79EFBC}") = "MS.Order.API", "src\services\MS.Order.API\MS.Order.API.csproj", "{9B2BC1E9-7D15-4CBE-8C14-E2297CF63B77}"
EndProject
Project("{FAE04EC0-301F-11D3-BF4B-00C04F79EFBC}") = "MS.Payment.API", "src\services\MS.Payment.API\MS.Payment.API.csproj", "{CC65D5EC-C361-41DF-84E8-33CB79D9A059}"
EndProject
Project("{FAE04EC0-301F-11D3-BF4B-00C04F79EFBC}") = "MS.Catalog.API", "src\services\MS.Catalog.API\MS.Catalog.API.csproj", "{E4D06846-CAE2-436C-80E7-E7FBB81B7787}"
EndProject
Project("{FAE04EC0-301F-11D3-BF4B-00C04F79EFBC}") = "MS.Customer.API", "src\services\MS.Customer.API\MS.Customer.API.csproj", "{FD36110F-8B90-466E-8FFE-00C34D4FF731}"
EndProject
Project("{FAE04EC0-301F-11D3-BF4B-00C04F79EFBC}") = "MS.Cart.API", "src\services\MS.Cart.API\MS.Cart.API.csproj", "{682EE9FF-3AC9-4B99-8512-4B25553A79DE}"
EndProject
Global
	GlobalSection(SolutionConfigurationPlatforms) = preSolution
		Debug|Any CPU = Debug|Any CPU
		Release|Any CPU = Release|Any CPU
	EndGlobalSection
	GlobalSection(ProjectConfigurationPlatforms) = postSolution
		{682883DD-E9DB-4B53-885E-8CEAB34CD205}.Debug|Any CPU.ActiveCfg = Debug|Any CPU
		{682883DD-E9DB-4B53-885E-8CEAB34CD205}.Debug|Any CPU.Build.0 = Debug|Any CPU
		{682883DD-E9DB-4B53-885E-8CEAB34CD205}.Release|Any CPU.ActiveCfg = Release|Any CPU
		{682883DD-E9DB-4B53-885E-8CEAB34CD205}.Release|Any CPU.Build.0 = Release|Any CPU
		{8DDB8607-233C-4AA1-8706-0DF8BC191D78}.Debug|Any CPU.ActiveCfg = Debug|Any CPU
		{8DDB8607-233C-4AA1-8706-0DF8BC191D78}.Debug|Any CPU.Build.0 = Debug|Any CPU
		{8DDB8607-233C-4AA1-8706-0DF8BC191D78}.Release|Any CPU.ActiveCfg = Release|Any CPU
		{8DDB8607-233C-4AA1-8706-0DF8BC191D78}.Release|Any CPU.Build.0 = Release|Any CPU
		{79179597-3738-4ED5-907E-10DC41AF073C}.Debug|Any CPU.ActiveCfg = Debug|Any CPU
		{79179597-3738-4ED5-907E-10DC41AF073C}.Debug|Any CPU.Build.0 = Debug|Any CPU
		{79179597-3738-4ED5-907E-10DC41AF073C}.Release|Any CPU.ActiveCfg = Release|Any CPU
		{79179597-3738-4ED5-907E-10DC41AF073C}.Release|Any CPU.Build.0 = Release|Any CPU
		{9B2BC1E9-7D15-4CBE-8C14-E2297CF63B77}.Debug|Any CPU.ActiveCfg = Debug|Any CPU
		{9B2BC1E9-7D15-4CBE-8C14-E2297CF63B77}.Debug|Any CPU.Build.0 = Debug|Any CPU
		{9B2BC1E9-7D15-4CBE-8C14-E2297CF63B77}.Release|Any CPU.ActiveCfg = Release|Any CPU
		{9B2BC1E9-7D15-4CBE-8C14-E2297CF63B77}.Release|Any CPU.Build.0 = Release|Any CPU
		{CC65D5EC-C361-41DF-84E8-33CB79D9A059}.Debug|Any CPU.ActiveCfg = Debug|Any CPU
		{CC65D5EC-C361-41DF-84E8-33CB79D9A059}.Debug|Any CPU.Build.0 = Debug|Any CPU
		{CC65D5EC-C361-41DF-84E8-33CB79D9A059}.Release|Any CPU.ActiveCfg = Release|Any CPU
		{CC65D5EC-C361-41DF-84E8-33CB79D9A059}.Release|Any CPU.Build.0 = Release|Any CPU
		{E4D06846-CAE2-436C-80E7-E7FBB81B7787}.Debug|Any CPU.ActiveCfg = Debug|Any CPU
		{E4D06846-CAE2-436C-80E7-E7FBB81B7787}.Debug|Any CPU.Build.0 = Debug|Any CPU
		{E4D06846-CAE2-436C-80E7-E7FBB81B7787}.Release|Any CPU.ActiveCfg = Release|Any CPU
		{E4D06846-CAE2-436C-80E7-E7FBB81B7787}.Release|Any CPU.Build.0 = Release|Any CPU
		{FD36110F-8B90-466E-8FFE-00C34D4FF731}.Debug|Any CPU.ActiveCfg = Debug|Any CPU
		{FD36110F-8B90-466E-8FFE-00C34D4FF731}.Debug|Any CPU.Build.0 = Debug|Any CPU
		{FD36110F-8B90-466E-8FFE-00C34D4FF731}.Release|Any CPU.ActiveCfg = Release|Any CPU
		{FD36110F-8B90-466E-8FFE-00C34D4FF731}.Release|Any CPU.Build.0 = Release|Any CPU
		{682EE9FF-3AC9-4B99-8512-4B25553A79DE}.Debug|Any CPU.ActiveCfg = Debug|Any CPU
		{682EE9FF-3AC9-4B99-8512-4B25553A79DE}.Debug|Any CPU.Build.0 = Debug|Any CPU
		{682EE9FF-3AC9-4B99-8512-4B25553A79DE}.Release|Any CPU.ActiveCfg = Release|Any CPU
		{682EE9FF-3AC9-4B99-8512-4B25553A79DE}.Release|Any CPU.Build.0 = Release|Any CPU
	EndGlobalSection
	GlobalSection(SolutionProperties) = preSolution
		HideSolutionNode = FALSE
	EndGlobalSection
	GlobalSection(NestedProjects) = preSolution
		{C7A926AB-7AD2-4A9A-B7B0-810C6CCFDF55} = {2EC862B2-06A9-4787-AE25-4BCD5CCADD6D}
		{92DC22BF-3361-4526-B02C-C8316006F6BF} = {E9798432-DCD9-4CE6-A7C4-C43D6E68C1E1}
		{682883DD-E9DB-4B53-885E-8CEAB34CD205} = {C7A926AB-7AD2-4A9A-B7B0-810C6CCFDF55}
		{8DDB8607-233C-4AA1-8706-0DF8BC191D78} = {92DC22BF-3361-4526-B02C-C8316006F6BF}
		{A7436FE9-67CF-4B90-83F8-4018062E9728} = {02EA681E-C7D8-13C7-8484-4AC65E1B71E8}
		{79179597-3738-4ED5-907E-10DC41AF073C} = {A7436FE9-67CF-4B90-83F8-4018062E9728}
		{B4D11101-F30C-4E97-A11B-D7302DFFBF0C} = {2EC862B2-06A9-4787-AE25-4BCD5CCADD6D}
		{E3B79E57-2D31-4774-BA03-E8EB7FF0ABD7} = {2EC862B2-06A9-4787-AE25-4BCD5CCADD6D}
		{2DBA31B1-A03A-4E9A-AF53-3876A1045CFC} = {2EC862B2-06A9-4787-AE25-4BCD5CCADD6D}
		{CCDC5B6A-662A-4963-98EE-576236C4389E} = {2EC862B2-06A9-4787-AE25-4BCD5CCADD6D}
		{5CF9B0F6-563F-40D8-8750-683766FEB0EA} = {2EC862B2-06A9-4787-AE25-4BCD5CCADD6D}
		{9B2BC1E9-7D15-4CBE-8C14-E2297CF63B77} = {E3B79E57-2D31-4774-BA03-E8EB7FF0ABD7}
		{CC65D5EC-C361-41DF-84E8-33CB79D9A059} = {5CF9B0F6-563F-40D8-8750-683766FEB0EA}
		{E4D06846-CAE2-436C-80E7-E7FBB81B7787} = {B4D11101-F30C-4E97-A11B-D7302DFFBF0C}
		{FD36110F-8B90-466E-8FFE-00C34D4FF731} = {CCDC5B6A-662A-4963-98EE-576236C4389E}
		{682EE9FF-3AC9-4B99-8512-4B25553A79DE} = {2DBA31B1-A03A-4E9A-AF53-3876A1045CFC}
	EndGlobalSection
	GlobalSection(ExtensibilityGlobals) = postSolution
		SolutionGuid = {84863104-AF83-4FAA-AAF4-66A8F05DEF82}
	EndGlobalSection
EndGlobal
